// !$*UTF8*$!
{
	archiveVersion = 1;
	classes = {
	};
	objectVersion = 56;
	objects = {

/* Begin PBXBuildFile section */
		F21160712BD965FD00E959F5 /* ChooseView.swift in Sources */ = {isa = PBXBuildFile; fileRef = F21160702BD965FD00E959F5 /* ChooseView.swift */; };
		F21160732BD9662D00E959F5 /* EndView.swift in Sources */ = {isa = PBXBuildFile; fileRef = F21160722BD9662D00E959F5 /* EndView.swift */; };
		F21160762BD9669600E959F5 /* Controller.swift in Sources */ = {isa = PBXBuildFile; fileRef = F21160752BD9669600E959F5 /* Controller.swift */; };
		F268B1952BEE51B8009ADDF7 /* PlayerScore.swift in Sources */ = {isa = PBXBuildFile; fileRef = F268B1942BEE51B8009ADDF7 /* PlayerScore.swift */; };
		F268B1992BEE53FC009ADDF7 /* players_data.json in Resources */ = {isa = PBXBuildFile; fileRef = F268B1982BEE53FC009ADDF7 /* players_data.json */; };
		F286676C2BD804AA00F07DC8 /* IntuitionApp.swift in Sources */ = {isa = PBXBuildFile; fileRef = F286676B2BD804AA00F07DC8 /* IntuitionApp.swift */; };
		F286676E2BD804AA00F07DC8 /* ContentView.swift in Sources */ = {isa = PBXBuildFile; fileRef = F286676D2BD804AA00F07DC8 /* ContentView.swift */; };
		F28667702BD804AD00F07DC8 /* Assets.xcassets in Resources */ = {isa = PBXBuildFile; fileRef = F286676F2BD804AD00F07DC8 /* Assets.xcassets */; };
		F28667732BD804AD00F07DC8 /* Preview Assets.xcassets in Resources */ = {isa = PBXBuildFile; fileRef = F28667722BD804AD00F07DC8 /* Preview Assets.xcassets */; };
		F2B527FB2BF614FF00398EFD /* ScoreBoardView.swift in Sources */ = {isa = PBXBuildFile; fileRef = F2B527FA2BF614FF00398EFD /* ScoreBoardView.swift */; };
		F2E00E9F2BDD23BC00F8E275 /* matrix.ttf in Resources */ = {isa = PBXBuildFile; fileRef = F2E00E9E2BDD23BC00F8E275 /* matrix.ttf */; };
/* End PBXBuildFile section */

/* Begin PBXFileReference section */
		F21160702BD965FD00E959F5 /* ChooseView.swift */ = {isa = PBXFileReference; lastKnownFileType = sourcecode.swift; path = ChooseView.swift; sourceTree = "<group>"; };
		F21160722BD9662D00E959F5 /* EndView.swift */ = {isa = PBXFileReference; lastKnownFileType = sourcecode.swift; path = EndView.swift; sourceTree = "<group>"; };
		F21160752BD9669600E959F5 /* Controller.swift */ = {isa = PBXFileReference; lastKnownFileType = sourcecode.swift; path = Controller.swift; sourceTree = "<group>"; };
		F268B1942BEE51B8009ADDF7 /* PlayerScore.swift */ = {isa = PBXFileReference; lastKnownFileType = sourcecode.swift; path = PlayerScore.swift; sourceTree = "<group>"; };
		F268B1982BEE53FC009ADDF7 /* players_data.json */ = {isa = PBXFileReference; lastKnownFileType = text.json; path = players_data.json; sourceTree = "<group>"; };
		F28667682BD804AA00F07DC8 /* Intuition.app */ = {isa = PBXFileReference; explicitFileType = wrapper.application; includeInIndex = 0; path = Intuition.app; sourceTree = BUILT_PRODUCTS_DIR; };
		F286676B2BD804AA00F07DC8 /* IntuitionApp.swift */ = {isa = PBXFileReference; lastKnownFileType = sourcecode.swift; path = IntuitionApp.swift; sourceTree = "<group>"; };
		F286676D2BD804AA00F07DC8 /* ContentView.swift */ = {isa = PBXFileReference; lastKnownFileType = sourcecode.swift; path = ContentView.swift; sourceTree = "<group>"; };
		F286676F2BD804AD00F07DC8 /* Assets.xcassets */ = {isa = PBXFileReference; lastKnownFileType = folder.assetcatalog; path = Assets.xcassets; sourceTree = "<group>"; };
		F28667722BD804AD00F07DC8 /* Preview Assets.xcassets */ = {isa = PBXFileReference; lastKnownFileType = folder.assetcatalog; path = "Preview Assets.xcassets"; sourceTree = "<group>"; };
		F2B527FA2BF614FF00398EFD /* ScoreBoardView.swift */ = {isa = PBXFileReference; lastKnownFileType = sourcecode.swift; path = ScoreBoardView.swift; sourceTree = "<group>"; };
		F2E00E9E2BDD23BC00F8E275 /* matrix.ttf */ = {isa = PBXFileReference; lastKnownFileType = file; path = matrix.ttf; sourceTree = "<group>"; };
		F2E00EA12BDD258100F8E275 /* Info.plist */ = {isa = PBXFileReference; lastKnownFileType = text.plist; path = Info.plist; sourceTree = "<group>"; };
/* End PBXFileReference section */

/* Begin PBXFrameworksBuildPhase section */
		F28667652BD804AA00F07DC8 /* Frameworks */ = {
			isa = PBXFrameworksBuildPhase;
			buildActionMask = 2147483647;
			files = (
			);
			runOnlyForDeploymentPostprocessing = 0;
		};
/* End PBXFrameworksBuildPhase section */

/* Begin PBXGroup section */
		F21160742BD9663E00E959F5 /* View */ = {
			isa = PBXGroup;
			children = (
				F286676D2BD804AA00F07DC8 /* ContentView.swift */,
				F21160702BD965FD00E959F5 /* ChooseView.swift */,
				F2B527FA2BF614FF00398EFD /* ScoreBoardView.swift */,
				F21160722BD9662D00E959F5 /* EndView.swift */,
			);
			path = View;
			sourceTree = "<group>";
		};
		F21160772BD9669A00E959F5 /* Controller */ = {
			isa = PBXGroup;
			children = (
				F21160752BD9669600E959F5 /* Controller.swift */,
			);
			path = Controller;
			sourceTree = "<group>";
		};
		F268B1932BEE518F009ADDF7 /* Model */ = {
			isa = PBXGroup;
			children = (
				F268B1942BEE51B8009ADDF7 /* PlayerScore.swift */,
				F268B1982BEE53FC009ADDF7 /* players_data.json */,
			);
			path = Model;
			sourceTree = "<group>";
		};
		F286675F2BD804AA00F07DC8 = {
			isa = PBXGroup;
			children = (
				F286676A2BD804AA00F07DC8 /* Intuition */,
				F28667692BD804AA00F07DC8 /* Products */,
			);
			sourceTree = "<group>";
		};
		F28667692BD804AA00F07DC8 /* Products */ = {
			isa = PBXGroup;
			children = (
				F28667682BD804AA00F07DC8 /* Intuition.app */,
			);
			name = Products;
			sourceTree = "<group>";
		};
		F286676A2BD804AA00F07DC8 /* Intuition */ = {
			isa = PBXGroup;
			children = (
				F2E00EA12BDD258100F8E275 /* Info.plist */,
				F286676B2BD804AA00F07DC8 /* IntuitionApp.swift */,
				F268B1932BEE518F009ADDF7 /* Model */,
				F21160772BD9669A00E959F5 /* Controller */,
				F21160742BD9663E00E959F5 /* View */,
				F286676F2BD804AD00F07DC8 /* Assets.xcassets */,
				F2E00EA02BDD24B400F8E275 /* Font */,
				F28667712BD804AD00F07DC8 /* Preview Content */,
			);
			path = Intuition;
			sourceTree = "<group>";
		};
		F28667712BD804AD00F07DC8 /* Preview Content */ = {
			isa = PBXGroup;
			children = (
				F28667722BD804AD00F07DC8 /* Preview Assets.xcassets */,
			);
			path = "Preview Content";
			sourceTree = "<group>";
		};
		F2E00EA02BDD24B400F8E275 /* Font */ = {
			isa = PBXGroup;
			children = (
				F2E00E9E2BDD23BC00F8E275 /* matrix.ttf */,
			);
			path = Font;
			sourceTree = "<group>";
		};
/* End PBXGroup section */

/* Begin PBXNativeTarget section */
		F28667672BD804AA00F07DC8 /* Intuition */ = {
			isa = PBXNativeTarget;
			buildConfigurationList = F28667762BD804AD00F07DC8 /* Build configuration list for PBXNativeTarget "Intuition" */;
			buildPhases = (
				F28667642BD804AA00F07DC8 /* Sources */,
				F28667652BD804AA00F07DC8 /* Frameworks */,
				F28667662BD804AA00F07DC8 /* Resources */,
			);
			buildRules = (
			);
			dependencies = (
			);
			name = Intuition;
			productName = Intuition;
			productReference = F28667682BD804AA00F07DC8 /* Intuition.app */;
			productType = "com.apple.product-type.application";
		};
/* End PBXNativeTarget section */

/* Begin PBXProject section */
		F28667602BD804AA00F07DC8 /* Project object */ = {
			isa = PBXProject;
			attributes = {
				BuildIndependentTargetsInParallel = 1;
				LastSwiftUpdateCheck = 1520;
				LastUpgradeCheck = 1520;
				TargetAttributes = {
					F28667672BD804AA00F07DC8 = {
						CreatedOnToolsVersion = 15.2;
					};
				};
			};
			buildConfigurationList = F28667632BD804AA00F07DC8 /* Build configuration list for PBXProject "Intuition" */;
			compatibilityVersion = "Xcode 14.0";
			developmentRegion = en;
			hasScannedForEncodings = 0;
			knownRegions = (
				en,
				Base,
			);
			mainGroup = F286675F2BD804AA00F07DC8;
			productRefGroup = F28667692BD804AA00F07DC8 /* Products */;
			projectDirPath = "";
			projectRoot = "";
			targets = (
				F28667672BD804AA00F07DC8 /* Intuition */,
			);
		};
/* End PBXProject section */

/* Begin PBXResourcesBuildPhase section */
		F28667662BD804AA00F07DC8 /* Resources */ = {
			isa = PBXResourcesBuildPhase;
			buildActionMask = 2147483647;
			files = (
				F28667732BD804AD00F07DC8 /* Preview Assets.xcassets in Resources */,
				F268B1992BEE53FC009ADDF7 /* players_data.json in Resources */,
				F28667702BD804AD00F07DC8 /* Assets.xcassets in Resources */,
				F2E00E9F2BDD23BC00F8E275 /* matrix.ttf in Resources */,
			);
			runOnlyForDeploymentPostprocessing = 0;
		};
/* End PBXResourcesBuildPhase section */

/* Begin PBXSourcesBuildPhase section */
		F28667642BD804AA00F07DC8 /* Sources */ = {
			isa = PBXSourcesBuildPhase;
			buildActionMask = 2147483647;
			files = (
				F21160762BD9669600E959F5 /* Controller.swift in Sources */,
				F268B1952BEE51B8009ADDF7 /* PlayerScore.swift in Sources */,
				F2B527FB2BF614FF00398EFD /* ScoreBoardView.swift in Sources */,
				F286676E2BD804AA00F07DC8 /* ContentView.swift in Sources */,
				F21160712BD965FD00E959F5 /* ChooseView.swift in Sources */,
				F21160732BD9662D00E959F5 /* EndView.swift in Sources */,
				F286676C2BD804AA00F07DC8 /* IntuitionApp.swift in Sources */,
			);
			runOnlyForDeploymentPostprocessing = 0;
		};
/* End PBXSourcesBuildPhase section */

/* Begin XCBuildConfiguration section */
		F28667742BD804AD00F07DC8 /* Debug */ = {
			isa = XCBuildConfiguration;
			buildSettings = {
				ALWAYS_SEARCH_USER_PATHS = NO;
				ASSETCATALOG_COMPILER_GENERATE_SWIFT_ASSET_SYMBOL_EXTENSIONS = YES;
				CLANG_ANALYZER_NONNULL = YES;
				CLANG_ANALYZER_NUMBER_OBJECT_CONVERSION = YES_AGGRESSIVE;
				CLANG_CXX_LANGUAGE_STANDARD = "gnu++20";
				CLANG_ENABLE_MODULES = YES;
				CLANG_ENABLE_OBJC_ARC = YES;
				CLANG_ENABLE_OBJC_WEAK = YES;
				CLANG_WARN_BLOCK_CAPTURE_AUTORELEASING = YES;
				CLANG_WARN_BOOL_CONVERSION = YES;
				CLANG_WARN_COMMA = YES;
				CLANG_WARN_CONSTANT_CONVERSION = YES;
				CLANG_WARN_DEPRECATED_OBJC_IMPLEMENTATIONS = YES;
				CLANG_WARN_DIRECT_OBJC_ISA_USAGE = YES_ERROR;
				CLANG_WARN_DOCUMENTATION_COMMENTS = YES;
				CLANG_WARN_EMPTY_BODY = YES;
				CLANG_WARN_ENUM_CONVERSION = YES;
				CLANG_WARN_INFINITE_RECURSION = YES;
				CLANG_WARN_INT_CONVERSION = YES;
				CLANG_WARN_NON_LITERAL_NULL_CONVERSION = YES;
				CLANG_WARN_OBJC_IMPLICIT_RETAIN_SELF = YES;
				CLANG_WARN_OBJC_LITERAL_CONVERSION = YES;
				CLANG_WARN_OBJC_ROOT_CLASS = YES_ERROR;
				CLANG_WARN_QUOTED_INCLUDE_IN_FRAMEWORK_HEADER = YES;
				CLANG_WARN_RANGE_LOOP_ANALYSIS = YES;
				CLANG_WARN_STRICT_PROTOTYPES = YES;
				CLANG_WARN_SUSPICIOUS_MOVE = YES;
				CLANG_WARN_UNGUARDED_AVAILABILITY = YES_AGGRESSIVE;
				CLANG_WARN_UNREACHABLE_CODE = YES;
				CLANG_WARN__DUPLICATE_METHOD_MATCH = YES;
				COPY_PHASE_STRIP = NO;
				DEBUG_INFORMATION_FORMAT = dwarf;
				ENABLE_STRICT_OBJC_MSGSEND = YES;
				ENABLE_TESTABILITY = YES;
				ENABLE_USER_SCRIPT_SANDBOXING = YES;
				GCC_C_LANGUAGE_STANDARD = gnu17;
				GCC_DYNAMIC_NO_PIC = NO;
				GCC_NO_COMMON_BLOCKS = YES;
				GCC_OPTIMIZATION_LEVEL = 0;
				GCC_PREPROCESSOR_DEFINITIONS = (
					"DEBUG=1",
					"$(inherited)",
				);
				GCC_WARN_64_TO_32_BIT_CONVERSION = YES;
				GCC_WARN_ABOUT_RETURN_TYPE = YES_ERROR;
				GCC_WARN_UNDECLARED_SELECTOR = YES;
				GCC_WARN_UNINITIALIZED_AUTOS = YES_AGGRESSIVE;
				GCC_WARN_UNUSED_FUNCTION = YES;
				GCC_WARN_UNUSED_VARIABLE = YES;
				IPHONEOS_DEPLOYMENT_TARGET = 17.2;
				LOCALIZATION_PREFERS_STRING_CATALOGS = YES;
				MTL_ENABLE_DEBUG_INFO = INCLUDE_SOURCE;
				MTL_FAST_MATH = YES;
				ONLY_ACTIVE_ARCH = YES;
				SDKROOT = iphoneos;
				SWIFT_ACTIVE_COMPILATION_CONDITIONS = "DEBUG $(inherited)";
				SWIFT_OPTIMIZATION_LEVEL = "-Onone";
			};
			name = Debug;
		};
		F28667752BD804AD00F07DC8 /* Release */ = {
			isa = XCBuildConfiguration;
			buildSettings = {
				ALWAYS_SEARCH_USER_PATHS = NO;
				ASSETCATALOG_COMPILER_GENERATE_SWIFT_ASSET_SYMBOL_EXTENSIONS = YES;
				CLANG_ANALYZER_NONNULL = YES;
				CLANG_ANALYZER_NUMBER_OBJECT_CONVERSION = YES_AGGRESSIVE;
				CLANG_CXX_LANGUAGE_STANDARD = "gnu++20";
				CLANG_ENABLE_MODULES = YES;
				CLANG_ENABLE_OBJC_ARC = YES;
				CLANG_ENABLE_OBJC_WEAK = YES;
				CLANG_WARN_BLOCK_CAPTURE_AUTORELEASING = YES;
				CLANG_WARN_BOOL_CONVERSION = YES;
				CLANG_WARN_COMMA = YES;
				CLANG_WARN_CONSTANT_CONVERSION = YES;
				CLANG_WARN_DEPRECATED_OBJC_IMPLEMENTATIONS = YES;
				CLANG_WARN_DIRECT_OBJC_ISA_USAGE = YES_ERROR;
				CLANG_WARN_DOCUMENTATION_COMMENTS = YES;
				CLANG_WARN_EMPTY_BODY = YES;
				CLANG_WARN_ENUM_CONVERSION = YES;
				CLANG_WARN_INFINITE_RECURSION = YES;
				CLANG_WARN_INT_CONVERSION = YES;
				CLANG_WARN_NON_LITERAL_NULL_CONVERSION = YES;
				CLANG_WARN_OBJC_IMPLICIT_RETAIN_SELF = YES;
				CLANG_WARN_OBJC_LITERAL_CONVERSION = YES;
				CLANG_WARN_OBJC_ROOT_CLASS = YES_ERROR;
				CLANG_WARN_QUOTED_INCLUDE_IN_FRAMEWORK_HEADER = YES;
				CLANG_WARN_RANGE_LOOP_ANALYSIS = YES;
				CLANG_WARN_STRICT_PROTOTYPES = YES;
				CLANG_WARN_SUSPICIOUS_MOVE = YES;
				CLANG_WARN_UNGUARDED_AVAILABILITY = YES_AGGRESSIVE;
				CLANG_WARN_UNREACHABLE_CODE = YES;
				CLANG_WARN__DUPLICATE_METHOD_MATCH = YES;
				COPY_PHASE_STRIP = NO;
				DEBUG_INFORMATION_FORMAT = "dwarf-with-dsym";
				ENABLE_NS_ASSERTIONS = NO;
				ENABLE_STRICT_OBJC_MSGSEND = YES;
				ENABLE_USER_SCRIPT_SANDBOXING = YES;
				GCC_C_LANGUAGE_STANDARD = gnu17;
				GCC_NO_COMMON_BLOCKS = YES;
				GCC_WARN_64_TO_32_BIT_CONVERSION = YES;
				GCC_WARN_ABOUT_RETURN_TYPE = YES_ERROR;
				GCC_WARN_UNDECLARED_SELECTOR = YES;
				GCC_WARN_UNINITIALIZED_AUTOS = YES_AGGRESSIVE;
				GCC_WARN_UNUSED_FUNCTION = YES;
				GCC_WARN_UNUSED_VARIABLE = YES;
				IPHONEOS_DEPLOYMENT_TARGET = 17.2;
				LOCALIZATION_PREFERS_STRING_CATALOGS = YES;
				MTL_ENABLE_DEBUG_INFO = NO;
				MTL_FAST_MATH = YES;
				SDKROOT = iphoneos;
				SWIFT_COMPILATION_MODE = wholemodule;
				VALIDATE_PRODUCT = YES;
			};
			name = Release;
		};
		F28667772BD804AD00F07DC8 /* Debug */ = {
			isa = XCBuildConfiguration;
			buildSettings = {
				ASSETCATALOG_COMPILER_APPICON_NAME = AppIcon;
				ASSETCATALOG_COMPILER_GLOBAL_ACCENT_COLOR_NAME = AccentColor;
				CODE_SIGN_STYLE = Automatic;
				CURRENT_PROJECT_VERSION = 1;
				DEVELOPMENT_ASSET_PATHS = "\"Intuition/Preview Content\"";
				DEVELOPMENT_TEAM = 236Z37X94C;
				ENABLE_PREVIEWS = YES;
				GENERATE_INFOPLIST_FILE = YES;
				INFOPLIST_FILE = Intuition/Info.plist;
				INFOPLIST_KEY_UIApplicationSceneManifest_Generation = YES;
				INFOPLIST_KEY_UIApplicationSupportsIndirectInputEvents = YES;
				INFOPLIST_KEY_UILaunchScreen_Generation = YES;
				INFOPLIST_KEY_UISupportedInterfaceOrientations = "UIInterfaceOrientationLandscapeLeft UIInterfaceOrientationLandscapeRight";
				LD_RUNPATH_SEARCH_PATHS = (
					"$(inherited)",
					"@executable_path/Frameworks",
				);
				MARKETING_VERSION = 1.0;
				PRODUCT_BUNDLE_IDENTIFIER = com.alexanderkorepanov.Intuition;
				PRODUCT_NAME = "$(TARGET_NAME)";
				SWIFT_EMIT_LOC_STRINGS = YES;
				SWIFT_VERSION = 5.0;
				TARGETED_DEVICE_FAMILY = "1,2";
			};
			name = Debug;
		};
		F28667782BD804AD00F07DC8 /* Release */ = {
			isa = XCBuildConfiguration;
			buildSettings = {
				ASSETCATALOG_COMPILER_APPICON_NAME = AppIcon;
				ASSETCATALOG_COMPILER_GLOBAL_ACCENT_COLOR_NAME = AccentColor;
				CODE_SIGN_STYLE = Automatic;
				CURRENT_PROJECT_VERSION = 1;
				DEVELOPMENT_ASSET_PATHS = "\"Intuition/Preview Content\"";
				DEVELOPMENT_TEAM = 236Z37X94C;
				ENABLE_PREVIEWS = YES;
				GENERATE_INFOPLIST_FILE = YES;
				INFOPLIST_FILE = Intuition/Info.plist;
				INFOPLIST_KEY_UIApplicationSceneManifest_Generation = YES;
				INFOPLIST_KEY_UIApplicationSupportsIndirectInputEvents = YES;
				INFOPLIST_KEY_UILaunchScreen_Generation = YES;
				INFOPLIST_KEY_UISupportedInterfaceOrientations = "UIInterfaceOrientationLandscapeLeft UIInterfaceOrientationLandscapeRight";
				LD_RUNPATH_SEARCH_PATHS = (
					"$(inherited)",
					"@executable_path/Frameworks",
				);
				MARKETING_VERSION = 1.0;
				PRODUCT_BUNDLE_IDENTIFIER = com.alexanderkorepanov.Intuition;
				PRODUCT_NAME = "$(TARGET_NAME)";
				SWIFT_EMIT_LOC_STRINGS = YES;
				SWIFT_VERSION = 5.0;
				TARGETED_DEVICE_FAMILY = "1,2";
			};
			name = Release;
		};
/* End XCBuildConfiguration section */

/* Begin XCConfigurationList section */
		F28667632BD804AA00F07DC8 /* Build configuration list for PBXProject "Intuition" */ = {
			isa = XCConfigurationList;
			buildConfigurations = (
				F28667742BD804AD00F07DC8 /* Debug */,
				F28667752BD804AD00F07DC8 /* Release */,
			);
			defaultConfigurationIsVisible = 0;
			defaultConfigurationName = Release;
		};
		F28667762BD804AD00F07DC8 /* Build configuration list for PBXNativeTarget "Intuition" */ = {
			isa = XCConfigurationList;
			buildConfigurations = (
				F28667772BD804AD00F07DC8 /* Debug */,
				F28667782BD804AD00F07DC8 /* Release */,
			);
			defaultConfigurationIsVisible = 0;
			defaultConfigurationName = Release;
		};
/* End XCConfigurationList section */
	};
	rootObject = F28667602BD804AA00F07DC8 /* Project object */;
}
